// !$*UTF8*$!
{
	archiveVersion = 1;
	classes = {
	};
	objectVersion = 77;
	objects = {

/* Begin PBXBuildFile section */
		126C2D9D2D2D17E300EE9BF6 /* InlineSnapshotTesting in Frameworks */ = {isa = PBXBuildFile; productRef = 126C2D9C2D2D17E300EE9BF6 /* InlineSnapshotTesting */; };
		126C2D9F2D2D17E300EE9BF6 /* SnapshotTesting in Frameworks */ = {isa = PBXBuildFile; productRef = 126C2D9E2D2D17E300EE9BF6 /* SnapshotTesting */; };
		376828910DCE9E2616C3142F /* Pods_Tracker_TrackerUITests.framework in Frameworks */ = {isa = PBXBuildFile; fileRef = 017B20707398615E66AB664D /* Pods_Tracker_TrackerUITests.framework */; };
		6EC531FAE86EE9A139121A0D /* Pods_TrackerTests.framework in Frameworks */ = {isa = PBXBuildFile; fileRef = CB29E194F76BA95282984CDA /* Pods_TrackerTests.framework */; };
		B516D30CBBCB39A34847B401 /* Pods_Tracker.framework in Frameworks */ = {isa = PBXBuildFile; fileRef = 25FA528BE0EFEB94F9EC7EB1 /* Pods_Tracker.framework */; };
/* End PBXBuildFile section */

/* Begin PBXContainerItemProxy section */
		129E67252CD0E423002D5F10 /* PBXContainerItemProxy */ = {
			isa = PBXContainerItemProxy;
			containerPortal = 129E67062CD0E421002D5F10 /* Project object */;
			proxyType = 1;
			remoteGlobalIDString = 129E670D2CD0E421002D5F10;
			remoteInfo = Tracker;
		};
		129E672F2CD0E423002D5F10 /* PBXContainerItemProxy */ = {
			isa = PBXContainerItemProxy;
			containerPortal = 129E67062CD0E421002D5F10 /* Project object */;
			proxyType = 1;
			remoteGlobalIDString = 129E670D2CD0E421002D5F10;
			remoteInfo = Tracker;
		};
/* End PBXContainerItemProxy section */

/* Begin PBXFileReference section */
		017B20707398615E66AB664D /* Pods_Tracker_TrackerUITests.framework */ = {isa = PBXFileReference; explicitFileType = wrapper.framework; includeInIndex = 0; path = Pods_Tracker_TrackerUITests.framework; sourceTree = BUILT_PRODUCTS_DIR; };
		0C04B251698A9DB755E273C5 /* Pods-TrackerTests.release.xcconfig */ = {isa = PBXFileReference; includeInIndex = 1; lastKnownFileType = text.xcconfig; name = "Pods-TrackerTests.release.xcconfig"; path = "Target Support Files/Pods-TrackerTests/Pods-TrackerTests.release.xcconfig"; sourceTree = "<group>"; };
		129E670E2CD0E421002D5F10 /* Tracker.app */ = {isa = PBXFileReference; explicitFileType = wrapper.application; includeInIndex = 0; path = Tracker.app; sourceTree = BUILT_PRODUCTS_DIR; };
		129E67242CD0E423002D5F10 /* TrackerTests.xctest */ = {isa = PBXFileReference; explicitFileType = wrapper.cfbundle; includeInIndex = 0; path = TrackerTests.xctest; sourceTree = BUILT_PRODUCTS_DIR; };
		129E672E2CD0E423002D5F10 /* TrackerUITests.xctest */ = {isa = PBXFileReference; explicitFileType = wrapper.cfbundle; includeInIndex = 0; path = TrackerUITests.xctest; sourceTree = BUILT_PRODUCTS_DIR; };
		25FA528BE0EFEB94F9EC7EB1 /* Pods_Tracker.framework */ = {isa = PBXFileReference; explicitFileType = wrapper.framework; includeInIndex = 0; path = Pods_Tracker.framework; sourceTree = BUILT_PRODUCTS_DIR; };
		2636CAAF636768B1ED105BFA /* Pods-TrackerTests.debug.xcconfig */ = {isa = PBXFileReference; includeInIndex = 1; lastKnownFileType = text.xcconfig; name = "Pods-TrackerTests.debug.xcconfig"; path = "Target Support Files/Pods-TrackerTests/Pods-TrackerTests.debug.xcconfig"; sourceTree = "<group>"; };
		4A345B734A21B8C1437F4EE8 /* Pods-Tracker-TrackerUITests.debug.xcconfig */ = {isa = PBXFileReference; includeInIndex = 1; lastKnownFileType = text.xcconfig; name = "Pods-Tracker-TrackerUITests.debug.xcconfig"; path = "Target Support Files/Pods-Tracker-TrackerUITests/Pods-Tracker-TrackerUITests.debug.xcconfig"; sourceTree = "<group>"; };
		A0DFE2B8192E017A0C447E24 /* Pods-Tracker-TrackerUITests.release.xcconfig */ = {isa = PBXFileReference; includeInIndex = 1; lastKnownFileType = text.xcconfig; name = "Pods-Tracker-TrackerUITests.release.xcconfig"; path = "Target Support Files/Pods-Tracker-TrackerUITests/Pods-Tracker-TrackerUITests.release.xcconfig"; sourceTree = "<group>"; };
		CB29E194F76BA95282984CDA /* Pods_TrackerTests.framework */ = {isa = PBXFileReference; explicitFileType = wrapper.framework; includeInIndex = 0; path = Pods_TrackerTests.framework; sourceTree = BUILT_PRODUCTS_DIR; };
		E697723D8BD50F55542D50A0 /* Pods-Tracker.debug.xcconfig */ = {isa = PBXFileReference; includeInIndex = 1; lastKnownFileType = text.xcconfig; name = "Pods-Tracker.debug.xcconfig"; path = "Target Support Files/Pods-Tracker/Pods-Tracker.debug.xcconfig"; sourceTree = "<group>"; };
		FC3BAE7CA30E866EE430424A /* Pods-Tracker.release.xcconfig */ = {isa = PBXFileReference; includeInIndex = 1; lastKnownFileType = text.xcconfig; name = "Pods-Tracker.release.xcconfig"; path = "Target Support Files/Pods-Tracker/Pods-Tracker.release.xcconfig"; sourceTree = "<group>"; };
/* End PBXFileReference section */

/* Begin PBXFileSystemSynchronizedBuildFileExceptionSet section */
		120DEFB42CE10388007B0811 /* Exceptions for "Models" folder in "Tracker" target */ = {
			isa = PBXFileSystemSynchronizedBuildFileExceptionSet;
			membershipExceptions = (
				Tracker.swift,
				TrackerCategory.swift,
				TrackerColors.swift,
				TrackerRecord.swift,
			);
			target = 129E670D2CD0E421002D5F10 /* Tracker */;
		};
		126FB25F2CD1734E00D21700 /* Exceptions for "StatisticVC" folder in "Tracker" target */ = {
			isa = PBXFileSystemSynchronizedBuildFileExceptionSet;
			membershipExceptions = (
				StatisticsViewController.swift,
			);
			target = 129E670D2CD0E421002D5F10 /* Tracker */;
		};
		129E67362CD0E423002D5F10 /* Exceptions for "Tracker" folder in "Tracker" target */ = {
			isa = PBXFileSystemSynchronizedBuildFileExceptionSet;
			membershipExceptions = (
				Info.plist,
			);
			target = 129E670D2CD0E421002D5F10 /* Tracker */;
		};
/* End PBXFileSystemSynchronizedBuildFileExceptionSet section */

/* Begin PBXFileSystemSynchronizedRootGroup section */
		120DEFB02CE10325007B0811 /* Models */ = {
			isa = PBXFileSystemSynchronizedRootGroup;
			exceptions = (
				120DEFB42CE10388007B0811 /* Exceptions for "Models" folder in "Tracker" target */,
			);
			path = Models;
			sourceTree = "<group>";
		};
		12195FB92CFF66BE00E8FA59 /* CoreDataStore */ = {
			isa = PBXFileSystemSynchronizedRootGroup;
			exceptions = (
			);
			path = CoreDataStore;
			sourceTree = "<group>";
		};
		126FB2552CD1730500D21700 /* TrackerVC */ = {
			isa = PBXFileSystemSynchronizedRootGroup;
			exceptions = (
			);
			path = TrackerVC;
			sourceTree = "<group>";
		};
		126FB2592CD1732D00D21700 /* StatisticVC */ = {
			isa = PBXFileSystemSynchronizedRootGroup;
			exceptions = (
				126FB25F2CD1734E00D21700 /* Exceptions for "StatisticVC" folder in "Tracker" target */,
			);
			path = StatisticVC;
			sourceTree = "<group>";
		};
		126FB2602CD1737400D21700 /* TabBarVC */ = {
			isa = PBXFileSystemSynchronizedRootGroup;
			exceptions = (
			);
			path = TabBarVC;
			sourceTree = "<group>";
		};
		1282D62E2D05B05B00245E67 /* Onboarding */ = {
			isa = PBXFileSystemSynchronizedRootGroup;
			exceptions = (
			);
			path = Onboarding;
			sourceTree = "<group>";
		};
		129E67102CD0E421002D5F10 /* Tracker */ = {
			isa = PBXFileSystemSynchronizedRootGroup;
			exceptions = (
				129E67362CD0E423002D5F10 /* Exceptions for "Tracker" folder in "Tracker" target */,
			);
			path = Tracker;
			sourceTree = "<group>";
		};
		129E67272CD0E423002D5F10 /* TrackerTests */ = {
			isa = PBXFileSystemSynchronizedRootGroup;
			exceptions = (
			);
			path = TrackerTests;
			sourceTree = "<group>";
		};
		129E67312CD0E423002D5F10 /* TrackerUITests */ = {
			isa = PBXFileSystemSynchronizedRootGroup;
			exceptions = (
			);
			path = TrackerUITests;
			sourceTree = "<group>";
		};
		12F1D03A2CF3A0A200DD16F2 /* Enum */ = {
			isa = PBXFileSystemSynchronizedRootGroup;
			exceptions = (
			);
			path = Enum;
			sourceTree = "<group>";
		};
/* End PBXFileSystemSynchronizedRootGroup section */

/* Begin PBXFrameworksBuildPhase section */
		129E670B2CD0E421002D5F10 /* Frameworks */ = {
			isa = PBXFrameworksBuildPhase;
			buildActionMask = 2147483647;
			files = (
				B516D30CBBCB39A34847B401 /* Pods_Tracker.framework in Frameworks */,
			);
			runOnlyForDeploymentPostprocessing = 0;
		};
		129E67212CD0E423002D5F10 /* Frameworks */ = {
			isa = PBXFrameworksBuildPhase;
			buildActionMask = 2147483647;
			files = (
				126C2D9D2D2D17E300EE9BF6 /* InlineSnapshotTesting in Frameworks */,
				126C2D9F2D2D17E300EE9BF6 /* SnapshotTesting in Frameworks */,
				6EC531FAE86EE9A139121A0D /* Pods_TrackerTests.framework in Frameworks */,
			);
			runOnlyForDeploymentPostprocessing = 0;
		};
		129E672B2CD0E423002D5F10 /* Frameworks */ = {
			isa = PBXFrameworksBuildPhase;
			buildActionMask = 2147483647;
			files = (
				376828910DCE9E2616C3142F /* Pods_Tracker_TrackerUITests.framework in Frameworks */,
			);
			runOnlyForDeploymentPostprocessing = 0;
		};
/* End PBXFrameworksBuildPhase section */

/* Begin PBXGroup section */
		129E67052CD0E421002D5F10 = {
			isa = PBXGroup;
			children = (
				1282D62E2D05B05B00245E67 /* Onboarding */,
				129E67102CD0E421002D5F10 /* Tracker */,
				12195FB92CFF66BE00E8FA59 /* CoreDataStore */,
				12F1D03A2CF3A0A200DD16F2 /* Enum */,
				120DEFB02CE10325007B0811 /* Models */,
				126FB2602CD1737400D21700 /* TabBarVC */,
				126FB2552CD1730500D21700 /* TrackerVC */,
				126FB2592CD1732D00D21700 /* StatisticVC */,
				129E67272CD0E423002D5F10 /* TrackerTests */,
				129E67312CD0E423002D5F10 /* TrackerUITests */,
				129E670F2CD0E421002D5F10 /* Products */,
				77706E7E60D5476D77825F98 /* Pods */,
				A1FAF866AA38D3D54C57BB60 /* Frameworks */,
			);
			sourceTree = "<group>";
		};
		129E670F2CD0E421002D5F10 /* Products */ = {
			isa = PBXGroup;
			children = (
				129E670E2CD0E421002D5F10 /* Tracker.app */,
				129E67242CD0E423002D5F10 /* TrackerTests.xctest */,
				129E672E2CD0E423002D5F10 /* TrackerUITests.xctest */,
			);
			name = Products;
			sourceTree = "<group>";
		};
		77706E7E60D5476D77825F98 /* Pods */ = {
			isa = PBXGroup;
			children = (
				E697723D8BD50F55542D50A0 /* Pods-Tracker.debug.xcconfig */,
				FC3BAE7CA30E866EE430424A /* Pods-Tracker.release.xcconfig */,
				4A345B734A21B8C1437F4EE8 /* Pods-Tracker-TrackerUITests.debug.xcconfig */,
				A0DFE2B8192E017A0C447E24 /* Pods-Tracker-TrackerUITests.release.xcconfig */,
				2636CAAF636768B1ED105BFA /* Pods-TrackerTests.debug.xcconfig */,
				0C04B251698A9DB755E273C5 /* Pods-TrackerTests.release.xcconfig */,
			);
			name = Pods;
			path = Pods;
			sourceTree = "<group>";
		};
		A1FAF866AA38D3D54C57BB60 /* Frameworks */ = {
			isa = PBXGroup;
			children = (
				25FA528BE0EFEB94F9EC7EB1 /* Pods_Tracker.framework */,
				017B20707398615E66AB664D /* Pods_Tracker_TrackerUITests.framework */,
				CB29E194F76BA95282984CDA /* Pods_TrackerTests.framework */,
			);
			name = Frameworks;
			sourceTree = "<group>";
		};
/* End PBXGroup section */

/* Begin PBXNativeTarget section */
		129E670D2CD0E421002D5F10 /* Tracker */ = {
			isa = PBXNativeTarget;
			buildConfigurationList = 129E67372CD0E423002D5F10 /* Build configuration list for PBXNativeTarget "Tracker" */;
			buildPhases = (
				C1BDBD69ABBCDC1F9021168E /* [CP] Check Pods Manifest.lock */,
				129E670A2CD0E421002D5F10 /* Sources */,
				129E670B2CD0E421002D5F10 /* Frameworks */,
				129E670C2CD0E421002D5F10 /* Resources */,
				88F2C18C3102174A8F03E70A /* [CP] Embed Pods Frameworks */,
			);
			buildRules = (
			);
			dependencies = (
			);
			fileSystemSynchronizedGroups = (
				12195FB92CFF66BE00E8FA59 /* CoreDataStore */,
				126FB2552CD1730500D21700 /* TrackerVC */,
				126FB2602CD1737400D21700 /* TabBarVC */,
				1282D62E2D05B05B00245E67 /* Onboarding */,
				129E67102CD0E421002D5F10 /* Tracker */,
				12F1D03A2CF3A0A200DD16F2 /* Enum */,
			);
			name = Tracker;
			productName = Tracker;
			productReference = 129E670E2CD0E421002D5F10 /* Tracker.app */;
			productType = "com.apple.product-type.application";
		};
		129E67232CD0E423002D5F10 /* TrackerTests */ = {
			isa = PBXNativeTarget;
			buildConfigurationList = 129E673C2CD0E423002D5F10 /* Build configuration list for PBXNativeTarget "TrackerTests" */;
			buildPhases = (
				0DC36FEAF57FEA515AEB4CB7 /* [CP] Check Pods Manifest.lock */,
				129E67202CD0E423002D5F10 /* Sources */,
				129E67212CD0E423002D5F10 /* Frameworks */,
				129E67222CD0E423002D5F10 /* Resources */,
			);
			buildRules = (
			);
			dependencies = (
				129E67262CD0E423002D5F10 /* PBXTargetDependency */,
			);
			fileSystemSynchronizedGroups = (
				120DEFB02CE10325007B0811 /* Models */,
				126FB2592CD1732D00D21700 /* StatisticVC */,
				129E67272CD0E423002D5F10 /* TrackerTests */,
			);
			name = TrackerTests;
			packageProductDependencies = (
				126C2D9C2D2D17E300EE9BF6 /* InlineSnapshotTesting */,
				126C2D9E2D2D17E300EE9BF6 /* SnapshotTesting */,
			);
			productName = TrackerTests;
			productReference = 129E67242CD0E423002D5F10 /* TrackerTests.xctest */;
			productType = "com.apple.product-type.bundle.unit-test";
		};
		129E672D2CD0E423002D5F10 /* TrackerUITests */ = {
			isa = PBXNativeTarget;
			buildConfigurationList = 129E673F2CD0E423002D5F10 /* Build configuration list for PBXNativeTarget "TrackerUITests" */;
			buildPhases = (
				9EC6AD6B816704F417BB9B52 /* [CP] Check Pods Manifest.lock */,
				129E672A2CD0E423002D5F10 /* Sources */,
				129E672B2CD0E423002D5F10 /* Frameworks */,
				129E672C2CD0E423002D5F10 /* Resources */,
				1C7AAD7EC70336B00F4F5E54 /* [CP] Embed Pods Frameworks */,
			);
			buildRules = (
			);
			dependencies = (
				129E67302CD0E423002D5F10 /* PBXTargetDependency */,
			);
			fileSystemSynchronizedGroups = (
				129E67312CD0E423002D5F10 /* TrackerUITests */,
			);
			name = TrackerUITests;
			productName = TrackerUITests;
			productReference = 129E672E2CD0E423002D5F10 /* TrackerUITests.xctest */;
			productType = "com.apple.product-type.bundle.ui-testing";
		};
/* End PBXNativeTarget section */

/* Begin PBXProject section */
		129E67062CD0E421002D5F10 /* Project object */ = {
			isa = PBXProject;
			attributes = {
				BuildIndependentTargetsInParallel = 1;
				LastSwiftUpdateCheck = 1610;
				LastUpgradeCheck = 1610;
				TargetAttributes = {
					129E670D2CD0E421002D5F10 = {
						CreatedOnToolsVersion = 16.1;
					};
					129E67232CD0E423002D5F10 = {
						CreatedOnToolsVersion = 16.1;
						TestTargetID = 129E670D2CD0E421002D5F10;
					};
					129E672D2CD0E423002D5F10 = {
						CreatedOnToolsVersion = 16.1;
						TestTargetID = 129E670D2CD0E421002D5F10;
					};
				};
			};
			buildConfigurationList = 129E67092CD0E421002D5F10 /* Build configuration list for PBXProject "Tracker" */;
			developmentRegion = en;
			hasScannedForEncodings = 0;
			knownRegions = (
				en,
				Base,
				ru,
				de,
				fr,
			);
			mainGroup = 129E67052CD0E421002D5F10;
			minimizedProjectReferenceProxies = 1;
			packageReferences = (
				126C2D9B2D2D17E300EE9BF6 /* XCRemoteSwiftPackageReference "swift-snapshot-testing" */,
			);
			preferredProjectObjectVersion = 77;
			productRefGroup = 129E670F2CD0E421002D5F10 /* Products */;
			projectDirPath = "";
			projectRoot = "";
			targets = (
				129E670D2CD0E421002D5F10 /* Tracker */,
				129E67232CD0E423002D5F10 /* TrackerTests */,
				129E672D2CD0E423002D5F10 /* TrackerUITests */,
			);
		};
/* End PBXProject section */

/* Begin PBXResourcesBuildPhase section */
		129E670C2CD0E421002D5F10 /* Resources */ = {
			isa = PBXResourcesBuildPhase;
			buildActionMask = 2147483647;
			files = (
			);
			runOnlyForDeploymentPostprocessing = 0;
		};
		129E67222CD0E423002D5F10 /* Resources */ = {
			isa = PBXResourcesBuildPhase;
			buildActionMask = 2147483647;
			files = (
			);
			runOnlyForDeploymentPostprocessing = 0;
		};
		129E672C2CD0E423002D5F10 /* Resources */ = {
			isa = PBXResourcesBuildPhase;
			buildActionMask = 2147483647;
			files = (
			);
			runOnlyForDeploymentPostprocessing = 0;
		};
/* End PBXResourcesBuildPhase section */

/* Begin PBXShellScriptBuildPhase section */
		0DC36FEAF57FEA515AEB4CB7 /* [CP] Check Pods Manifest.lock */ = {
			isa = PBXShellScriptBuildPhase;
			buildActionMask = 2147483647;
			files = (
			);
			inputFileListPaths = (
			);
			inputPaths = (
				"${PODS_PODFILE_DIR_PATH}/Podfile.lock",
				"${PODS_ROOT}/Manifest.lock",
			);
			name = "[CP] Check Pods Manifest.lock";
			outputFileListPaths = (
			);
			outputPaths = (
				"$(DERIVED_FILE_DIR)/Pods-TrackerTests-checkManifestLockResult.txt",
			);
			runOnlyForDeploymentPostprocessing = 0;
			shellPath = /bin/sh;
			shellScript = "diff \"${PODS_PODFILE_DIR_PATH}/Podfile.lock\" \"${PODS_ROOT}/Manifest.lock\" > /dev/null\nif [ $? != 0 ] ; then\n    # print error to STDERR\n    echo \"error: The sandbox is not in sync with the Podfile.lock. Run 'pod install' or update your CocoaPods installation.\" >&2\n    exit 1\nfi\n# This output is used by Xcode 'outputs' to avoid re-running this script phase.\necho \"SUCCESS\" > \"${SCRIPT_OUTPUT_FILE_0}\"\n";
			showEnvVarsInLog = 0;
		};
		1C7AAD7EC70336B00F4F5E54 /* [CP] Embed Pods Frameworks */ = {
			isa = PBXShellScriptBuildPhase;
			buildActionMask = 2147483647;
			files = (
			);
			inputFileListPaths = (
				"${PODS_ROOT}/Target Support Files/Pods-Tracker-TrackerUITests/Pods-Tracker-TrackerUITests-frameworks-${CONFIGURATION}-input-files.xcfilelist",
			);
			name = "[CP] Embed Pods Frameworks";
			outputFileListPaths = (
				"${PODS_ROOT}/Target Support Files/Pods-Tracker-TrackerUITests/Pods-Tracker-TrackerUITests-frameworks-${CONFIGURATION}-output-files.xcfilelist",
			);
			runOnlyForDeploymentPostprocessing = 0;
			shellPath = /bin/sh;
			shellScript = "\"${PODS_ROOT}/Target Support Files/Pods-Tracker-TrackerUITests/Pods-Tracker-TrackerUITests-frameworks.sh\"\n";
			showEnvVarsInLog = 0;
		};
		88F2C18C3102174A8F03E70A /* [CP] Embed Pods Frameworks */ = {
			isa = PBXShellScriptBuildPhase;
			buildActionMask = 2147483647;
			files = (
			);
			inputFileListPaths = (
				"${PODS_ROOT}/Target Support Files/Pods-Tracker/Pods-Tracker-frameworks-${CONFIGURATION}-input-files.xcfilelist",
			);
			name = "[CP] Embed Pods Frameworks";
			outputFileListPaths = (
				"${PODS_ROOT}/Target Support Files/Pods-Tracker/Pods-Tracker-frameworks-${CONFIGURATION}-output-files.xcfilelist",
			);
			runOnlyForDeploymentPostprocessing = 0;
			shellPath = /bin/sh;
			shellScript = "\"${PODS_ROOT}/Target Support Files/Pods-Tracker/Pods-Tracker-frameworks.sh\"\n";
			showEnvVarsInLog = 0;
		};
		9EC6AD6B816704F417BB9B52 /* [CP] Check Pods Manifest.lock */ = {
			isa = PBXShellScriptBuildPhase;
			buildActionMask = 2147483647;
			files = (
			);
			inputFileListPaths = (
			);
			inputPaths = (
				"${PODS_PODFILE_DIR_PATH}/Podfile.lock",
				"${PODS_ROOT}/Manifest.lock",
			);
			name = "[CP] Check Pods Manifest.lock";
			outputFileListPaths = (
			);
			outputPaths = (
				"$(DERIVED_FILE_DIR)/Pods-Tracker-TrackerUITests-checkManifestLockResult.txt",
			);
			runOnlyForDeploymentPostprocessing = 0;
			shellPath = /bin/sh;
			shellScript = "diff \"${PODS_PODFILE_DIR_PATH}/Podfile.lock\" \"${PODS_ROOT}/Manifest.lock\" > /dev/null\nif [ $? != 0 ] ; then\n    # print error to STDERR\n    echo \"error: The sandbox is not in sync with the Podfile.lock. Run 'pod install' or update your CocoaPods installation.\" >&2\n    exit 1\nfi\n# This output is used by Xcode 'outputs' to avoid re-running this script phase.\necho \"SUCCESS\" > \"${SCRIPT_OUTPUT_FILE_0}\"\n";
			showEnvVarsInLog = 0;
		};
		C1BDBD69ABBCDC1F9021168E /* [CP] Check Pods Manifest.lock */ = {
			isa = PBXShellScriptBuildPhase;
			buildActionMask = 2147483647;
			files = (
			);
			inputFileListPaths = (
			);
			inputPaths = (
				"${PODS_PODFILE_DIR_PATH}/Podfile.lock",
				"${PODS_ROOT}/Manifest.lock",
			);
			name = "[CP] Check Pods Manifest.lock";
			outputFileListPaths = (
			);
			outputPaths = (
				"$(DERIVED_FILE_DIR)/Pods-Tracker-checkManifestLockResult.txt",
			);
			runOnlyForDeploymentPostprocessing = 0;
			shellPath = /bin/sh;
			shellScript = "diff \"${PODS_PODFILE_DIR_PATH}/Podfile.lock\" \"${PODS_ROOT}/Manifest.lock\" > /dev/null\nif [ $? != 0 ] ; then\n    # print error to STDERR\n    echo \"error: The sandbox is not in sync with the Podfile.lock. Run 'pod install' or update your CocoaPods installation.\" >&2\n    exit 1\nfi\n# This output is used by Xcode 'outputs' to avoid re-running this script phase.\necho \"SUCCESS\" > \"${SCRIPT_OUTPUT_FILE_0}\"\n";
			showEnvVarsInLog = 0;
		};
/* End PBXShellScriptBuildPhase section */

/* Begin PBXSourcesBuildPhase section */
		129E670A2CD0E421002D5F10 /* Sources */ = {
			isa = PBXSourcesBuildPhase;
			buildActionMask = 2147483647;
			files = (
			);
			runOnlyForDeploymentPostprocessing = 0;
		};
		129E67202CD0E423002D5F10 /* Sources */ = {
			isa = PBXSourcesBuildPhase;
			buildActionMask = 2147483647;
			files = (
			);
			runOnlyForDeploymentPostprocessing = 0;
		};
		129E672A2CD0E423002D5F10 /* Sources */ = {
			isa = PBXSourcesBuildPhase;
			buildActionMask = 2147483647;
			files = (
			);
			runOnlyForDeploymentPostprocessing = 0;
		};
/* End PBXSourcesBuildPhase section */

/* Begin PBXTargetDependency section */
		129E67262CD0E423002D5F10 /* PBXTargetDependency */ = {
			isa = PBXTargetDependency;
			target = 129E670D2CD0E421002D5F10 /* Tracker */;
			targetProxy = 129E67252CD0E423002D5F10 /* PBXContainerItemProxy */;
		};
		129E67302CD0E423002D5F10 /* PBXTargetDependency */ = {
			isa = PBXTargetDependency;
			target = 129E670D2CD0E421002D5F10 /* Tracker */;
			targetProxy = 129E672F2CD0E423002D5F10 /* PBXContainerItemProxy */;
		};
/* End PBXTargetDependency section */

/* Begin XCBuildConfiguration section */
		129E67382CD0E423002D5F10 /* Debug */ = {
			isa = XCBuildConfiguration;
			baseConfigurationReference = E697723D8BD50F55542D50A0 /* Pods-Tracker.debug.xcconfig */;
			buildSettings = {
				ASSETCATALOG_COMPILER_APPICON_NAME = AppIcon;
				ASSETCATALOG_COMPILER_GLOBAL_ACCENT_COLOR_NAME = AccentColor;
				CODE_SIGN_STYLE = Automatic;
				CURRENT_PROJECT_VERSION = 1;
				DEVELOPMENT_TEAM = Z2FK793PRZ;
				GENERATE_INFOPLIST_FILE = YES;
				INFOPLIST_FILE = Tracker/Info.plist;
				INFOPLIST_KEY_UIApplicationSupportsIndirectInputEvents = YES;
				INFOPLIST_KEY_UILaunchStoryboardName = LaunchScreen;
				INFOPLIST_KEY_UIStatusBarStyle = "";
				INFOPLIST_KEY_UISupportedInterfaceOrientations = UIInterfaceOrientationPortrait;
				INFOPLIST_KEY_UISupportedInterfaceOrientations_iPad = "UIInterfaceOrientationLandscapeLeft UIInterfaceOrientationLandscapeRight UIInterfaceOrientationPortrait UIInterfaceOrientationPortraitUpsideDown";
				IPHONEOS_DEPLOYMENT_TARGET = 13.4;
				LD_RUNPATH_SEARCH_PATHS = (
					"$(inherited)",
					"@executable_path/Frameworks",
				);
				MARKETING_VERSION = 1.0;
				PRODUCT_BUNDLE_IDENTIFIER = ru.yandex.practicum.katafeiy.Tracker;
				PRODUCT_NAME = "$(TARGET_NAME)";
				SUPPORTED_PLATFORMS = "iphoneos iphonesimulator";
				SUPPORTS_MACCATALYST = NO;
				SUPPORTS_MAC_DESIGNED_FOR_IPHONE_IPAD = NO;
				SUPPORTS_XR_DESIGNED_FOR_IPHONE_IPAD = NO;
				SWIFT_EMIT_LOC_STRINGS = YES;
				SWIFT_VERSION = 5.0;
				TARGETED_DEVICE_FAMILY = 1;
			};
			name = Debug;
		};
		129E67392CD0E423002D5F10 /* Release */ = {
			isa = XCBuildConfiguration;
			baseConfigurationReference = FC3BAE7CA30E866EE430424A /* Pods-Tracker.release.xcconfig */;
			buildSettings = {
				ASSETCATALOG_COMPILER_APPICON_NAME = AppIcon;
				ASSETCATALOG_COMPILER_GLOBAL_ACCENT_COLOR_NAME = AccentColor;
				CODE_SIGN_STYLE = Automatic;
				CURRENT_PROJECT_VERSION = 1;
				DEVELOPMENT_TEAM = Z2FK793PRZ;
				GENERATE_INFOPLIST_FILE = YES;
				INFOPLIST_FILE = Tracker/Info.plist;
				INFOPLIST_KEY_UIApplicationSupportsIndirectInputEvents = YES;
				INFOPLIST_KEY_UILaunchStoryboardName = LaunchScreen;
				INFOPLIST_KEY_UIStatusBarStyle = "";
				INFOPLIST_KEY_UISupportedInterfaceOrientations = UIInterfaceOrientationPortrait;
				INFOPLIST_KEY_UISupportedInterfaceOrientations_iPad = "UIInterfaceOrientationLandscapeLeft UIInterfaceOrientationLandscapeRight UIInterfaceOrientationPortrait UIInterfaceOrientationPortraitUpsideDown";
				IPHONEOS_DEPLOYMENT_TARGET = 13.4;
				LD_RUNPATH_SEARCH_PATHS = (
					"$(inherited)",
					"@executable_path/Frameworks",
				);
				MARKETING_VERSION = 1.0;
				PRODUCT_BUNDLE_IDENTIFIER = ru.yandex.practicum.katafeiy.Tracker;
				PRODUCT_NAME = "$(TARGET_NAME)";
				SUPPORTED_PLATFORMS = "iphoneos iphonesimulator";
				SUPPORTS_MACCATALYST = NO;
				SUPPORTS_MAC_DESIGNED_FOR_IPHONE_IPAD = NO;
				SUPPORTS_XR_DESIGNED_FOR_IPHONE_IPAD = NO;
				SWIFT_EMIT_LOC_STRINGS = YES;
				SWIFT_VERSION = 5.0;
				TARGETED_DEVICE_FAMILY = 1;
			};
			name = Release;
		};
		129E673A2CD0E423002D5F10 /* Debug */ = {
			isa = XCBuildConfiguration;
			buildSettings = {
				ALWAYS_SEARCH_USER_PATHS = NO;
				ASSETCATALOG_COMPILER_GENERATE_SWIFT_ASSET_SYMBOL_EXTENSIONS = YES;
				CLANG_ANALYZER_LOCALIZABILITY_NONLOCALIZED = YES;
				CLANG_ANALYZER_NONNULL = YES;
				CLANG_ANALYZER_NUMBER_OBJECT_CONVERSION = YES_AGGRESSIVE;
				CLANG_CXX_LANGUAGE_STANDARD = "gnu++20";
				CLANG_ENABLE_MODULES = YES;
				CLANG_ENABLE_OBJC_ARC = YES;
				CLANG_ENABLE_OBJC_WEAK = YES;
				CLANG_WARN_BLOCK_CAPTURE_AUTORELEASING = YES;
				CLANG_WARN_BOOL_CONVERSION = YES;
				CLANG_WARN_COMMA = YES;
				CLANG_WARN_CONSTANT_CONVERSION = YES;
				CLANG_WARN_DEPRECATED_OBJC_IMPLEMENTATIONS = YES;
				CLANG_WARN_DIRECT_OBJC_ISA_USAGE = YES_ERROR;
				CLANG_WARN_DOCUMENTATION_COMMENTS = YES;
				CLANG_WARN_EMPTY_BODY = YES;
				CLANG_WARN_ENUM_CONVERSION = YES;
				CLANG_WARN_INFINITE_RECURSION = YES;
				CLANG_WARN_INT_CONVERSION = YES;
				CLANG_WARN_NON_LITERAL_NULL_CONVERSION = YES;
				CLANG_WARN_OBJC_IMPLICIT_RETAIN_SELF = YES;
				CLANG_WARN_OBJC_LITERAL_CONVERSION = YES;
				CLANG_WARN_OBJC_ROOT_CLASS = YES_ERROR;
				CLANG_WARN_QUOTED_INCLUDE_IN_FRAMEWORK_HEADER = YES;
				CLANG_WARN_RANGE_LOOP_ANALYSIS = YES;
				CLANG_WARN_STRICT_PROTOTYPES = YES;
				CLANG_WARN_SUSPICIOUS_MOVE = YES;
				CLANG_WARN_UNGUARDED_AVAILABILITY = YES_AGGRESSIVE;
				CLANG_WARN_UNREACHABLE_CODE = YES;
				CLANG_WARN__DUPLICATE_METHOD_MATCH = YES;
				COPY_PHASE_STRIP = NO;
				DEBUG_INFORMATION_FORMAT = dwarf;
				ENABLE_STRICT_OBJC_MSGSEND = YES;
				ENABLE_TESTABILITY = YES;
				ENABLE_USER_SCRIPT_SANDBOXING = YES;
				GCC_C_LANGUAGE_STANDARD = gnu17;
				GCC_DYNAMIC_NO_PIC = NO;
				GCC_NO_COMMON_BLOCKS = YES;
				GCC_OPTIMIZATION_LEVEL = 0;
				GCC_PREPROCESSOR_DEFINITIONS = (
					"DEBUG=1",
					"$(inherited)",
				);
				GCC_WARN_64_TO_32_BIT_CONVERSION = YES;
				GCC_WARN_ABOUT_RETURN_TYPE = YES_ERROR;
				GCC_WARN_UNDECLARED_SELECTOR = YES;
				GCC_WARN_UNINITIALIZED_AUTOS = YES_AGGRESSIVE;
				GCC_WARN_UNUSED_FUNCTION = YES;
				GCC_WARN_UNUSED_VARIABLE = YES;
				IPHONEOS_DEPLOYMENT_TARGET = 18.1;
				LOCALIZATION_PREFERS_STRING_CATALOGS = YES;
				MTL_ENABLE_DEBUG_INFO = INCLUDE_SOURCE;
				MTL_FAST_MATH = YES;
				ONLY_ACTIVE_ARCH = YES;
				SDKROOT = iphoneos;
				SWIFT_ACTIVE_COMPILATION_CONDITIONS = "DEBUG $(inherited)";
				SWIFT_EMIT_LOC_STRINGS = YES;
				SWIFT_OPTIMIZATION_LEVEL = "-Onone";
			};
			name = Debug;
		};
		129E673B2CD0E423002D5F10 /* Release */ = {
			isa = XCBuildConfiguration;
			buildSettings = {
				ALWAYS_SEARCH_USER_PATHS = NO;
				ASSETCATALOG_COMPILER_GENERATE_SWIFT_ASSET_SYMBOL_EXTENSIONS = YES;
				CLANG_ANALYZER_LOCALIZABILITY_NONLOCALIZED = YES;
				CLANG_ANALYZER_NONNULL = YES;
				CLANG_ANALYZER_NUMBER_OBJECT_CONVERSION = YES_AGGRESSIVE;
				CLANG_CXX_LANGUAGE_STANDARD = "gnu++20";
				CLANG_ENABLE_MODULES = YES;
				CLANG_ENABLE_OBJC_ARC = YES;
				CLANG_ENABLE_OBJC_WEAK = YES;
				CLANG_WARN_BLOCK_CAPTURE_AUTORELEASING = YES;
				CLANG_WARN_BOOL_CONVERSION = YES;
				CLANG_WARN_COMMA = YES;
				CLANG_WARN_CONSTANT_CONVERSION = YES;
				CLANG_WARN_DEPRECATED_OBJC_IMPLEMENTATIONS = YES;
				CLANG_WARN_DIRECT_OBJC_ISA_USAGE = YES_ERROR;
				CLANG_WARN_DOCUMENTATION_COMMENTS = YES;
				CLANG_WARN_EMPTY_BODY = YES;
				CLANG_WARN_ENUM_CONVERSION = YES;
				CLANG_WARN_INFINITE_RECURSION = YES;
				CLANG_WARN_INT_CONVERSION = YES;
				CLANG_WARN_NON_LITERAL_NULL_CONVERSION = YES;
				CLANG_WARN_OBJC_IMPLICIT_RETAIN_SELF = YES;
				CLANG_WARN_OBJC_LITERAL_CONVERSION = YES;
				CLANG_WARN_OBJC_ROOT_CLASS = YES_ERROR;
				CLANG_WARN_QUOTED_INCLUDE_IN_FRAMEWORK_HEADER = YES;
				CLANG_WARN_RANGE_LOOP_ANALYSIS = YES;
				CLANG_WARN_STRICT_PROTOTYPES = YES;
				CLANG_WARN_SUSPICIOUS_MOVE = YES;
				CLANG_WARN_UNGUARDED_AVAILABILITY = YES_AGGRESSIVE;
				CLANG_WARN_UNREACHABLE_CODE = YES;
				CLANG_WARN__DUPLICATE_METHOD_MATCH = YES;
				COPY_PHASE_STRIP = NO;
				DEBUG_INFORMATION_FORMAT = "dwarf-with-dsym";
				ENABLE_NS_ASSERTIONS = NO;
				ENABLE_STRICT_OBJC_MSGSEND = YES;
				ENABLE_USER_SCRIPT_SANDBOXING = YES;
				GCC_C_LANGUAGE_STANDARD = gnu17;
				GCC_NO_COMMON_BLOCKS = YES;
				GCC_WARN_64_TO_32_BIT_CONVERSION = YES;
				GCC_WARN_ABOUT_RETURN_TYPE = YES_ERROR;
				GCC_WARN_UNDECLARED_SELECTOR = YES;
				GCC_WARN_UNINITIALIZED_AUTOS = YES_AGGRESSIVE;
				GCC_WARN_UNUSED_FUNCTION = YES;
				GCC_WARN_UNUSED_VARIABLE = YES;
				IPHONEOS_DEPLOYMENT_TARGET = 18.1;
				LOCALIZATION_PREFERS_STRING_CATALOGS = YES;
				MTL_ENABLE_DEBUG_INFO = NO;
				MTL_FAST_MATH = YES;
				SDKROOT = iphoneos;
				SWIFT_COMPILATION_MODE = wholemodule;
				SWIFT_EMIT_LOC_STRINGS = YES;
				VALIDATE_PRODUCT = YES;
			};
			name = Release;
		};
		129E673D2CD0E423002D5F10 /* Debug */ = {
			isa = XCBuildConfiguration;
			baseConfigurationReference = 2636CAAF636768B1ED105BFA /* Pods-TrackerTests.debug.xcconfig */;
			buildSettings = {
				BUNDLE_LOADER = "$(TEST_HOST)";
				CODE_SIGN_STYLE = Automatic;
				CURRENT_PROJECT_VERSION = 1;
				DEVELOPMENT_TEAM = Z2FK793PRZ;
				GENERATE_INFOPLIST_FILE = YES;
				IPHONEOS_DEPLOYMENT_TARGET = 13.4;
				MARKETING_VERSION = 1.0;
				PRODUCT_BUNDLE_IDENTIFIER = ru.yandex.practicum.katafeiy.TrackerTests;
				PRODUCT_NAME = "$(TARGET_NAME)";
				SWIFT_EMIT_LOC_STRINGS = NO;
				SWIFT_VERSION = 5.0;
				TARGETED_DEVICE_FAMILY = "1,2";
				TEST_HOST = "$(BUILT_PRODUCTS_DIR)/Tracker.app/$(BUNDLE_EXECUTABLE_FOLDER_PATH)/Tracker";
			};
			name = Debug;
		};
		129E673E2CD0E423002D5F10 /* Release */ = {
			isa = XCBuildConfiguration;
			baseConfigurationReference = 0C04B251698A9DB755E273C5 /* Pods-TrackerTests.release.xcconfig */;
			buildSettings = {
				BUNDLE_LOADER = "$(TEST_HOST)";
				CODE_SIGN_STYLE = Automatic;
				CURRENT_PROJECT_VERSION = 1;
				DEVELOPMENT_TEAM = Z2FK793PRZ;
				GENERATE_INFOPLIST_FILE = YES;
				IPHONEOS_DEPLOYMENT_TARGET = 13.4;
				MARKETING_VERSION = 1.0;
				PRODUCT_BUNDLE_IDENTIFIER = ru.yandex.practicum.katafeiy.TrackerTests;
				PRODUCT_NAME = "$(TARGET_NAME)";
				SWIFT_EMIT_LOC_STRINGS = NO;
				SWIFT_VERSION = 5.0;
				TARGETED_DEVICE_FAMILY = "1,2";
				TEST_HOST = "$(BUILT_PRODUCTS_DIR)/Tracker.app/$(BUNDLE_EXECUTABLE_FOLDER_PATH)/Tracker";
			};
			name = Release;
		};
		129E67402CD0E423002D5F10 /* Debug */ = {
			isa = XCBuildConfiguration;
			baseConfigurationReference = 4A345B734A21B8C1437F4EE8 /* Pods-Tracker-TrackerUITests.debug.xcconfig */;
			buildSettings = {
				CODE_SIGN_STYLE = Automatic;
				CURRENT_PROJECT_VERSION = 1;
				DEVELOPMENT_TEAM = Z2FK793PRZ;
				GENERATE_INFOPLIST_FILE = YES;
				IPHONEOS_DEPLOYMENT_TARGET = 13.4;
				MARKETING_VERSION = 1.0;
				PRODUCT_BUNDLE_IDENTIFIER = ru.yandex.practicum.katafeiy.TrackerUITests;
				PRODUCT_NAME = "$(TARGET_NAME)";
				SWIFT_EMIT_LOC_STRINGS = NO;
				SWIFT_VERSION = 5.0;
				TARGETED_DEVICE_FAMILY = "1,2";
				TEST_TARGET_NAME = Tracker;
			};
			name = Debug;
		};
		129E67412CD0E423002D5F10 /* Release */ = {
			isa = XCBuildConfiguration;
			baseConfigurationReference = A0DFE2B8192E017A0C447E24 /* Pods-Tracker-TrackerUITests.release.xcconfig */;
			buildSettings = {
				CODE_SIGN_STYLE = Automatic;
				CURRENT_PROJECT_VERSION = 1;
				DEVELOPMENT_TEAM = Z2FK793PRZ;
				GENERATE_INFOPLIST_FILE = YES;
				IPHONEOS_DEPLOYMENT_TARGET = 13.4;
				MARKETING_VERSION = 1.0;
				PRODUCT_BUNDLE_IDENTIFIER = ru.yandex.practicum.katafeiy.TrackerUITests;
				PRODUCT_NAME = "$(TARGET_NAME)";
				SWIFT_EMIT_LOC_STRINGS = NO;
				SWIFT_VERSION = 5.0;
				TARGETED_DEVICE_FAMILY = "1,2";
				TEST_TARGET_NAME = Tracker;
			};
			name = Release;
		};
/* End XCBuildConfiguration section */

/* Begin XCConfigurationList section */
		129E67092CD0E421002D5F10 /* Build configuration list for PBXProject "Tracker" */ = {
			isa = XCConfigurationList;
			buildConfigurations = (
				129E673A2CD0E423002D5F10 /* Debug */,
				129E673B2CD0E423002D5F10 /* Release */,
			);
			defaultConfigurationIsVisible = 0;
			defaultConfigurationName = Release;
		};
		129E67372CD0E423002D5F10 /* Build configuration list for PBXNativeTarget "Tracker" */ = {
			isa = XCConfigurationList;
			buildConfigurations = (
				129E67382CD0E423002D5F10 /* Debug */,
				129E67392CD0E423002D5F10 /* Release */,
			);
			defaultConfigurationIsVisible = 0;
			defaultConfigurationName = Release;
		};
		129E673C2CD0E423002D5F10 /* Build configuration list for PBXNativeTarget "TrackerTests" */ = {
			isa = XCConfigurationList;
			buildConfigurations = (
				129E673D2CD0E423002D5F10 /* Debug */,
				129E673E2CD0E423002D5F10 /* Release */,
			);
			defaultConfigurationIsVisible = 0;
			defaultConfigurationName = Release;
		};
		129E673F2CD0E423002D5F10 /* Build configuration list for PBXNativeTarget "TrackerUITests" */ = {
			isa = XCConfigurationList;
			buildConfigurations = (
				129E67402CD0E423002D5F10 /* Debug */,
				129E67412CD0E423002D5F10 /* Release */,
			);
			defaultConfigurationIsVisible = 0;
			defaultConfigurationName = Release;
		};
/* End XCConfigurationList section */

/* Begin XCRemoteSwiftPackageReference section */
		126C2D9B2D2D17E300EE9BF6 /* XCRemoteSwiftPackageReference "swift-snapshot-testing" */ = {
			isa = XCRemoteSwiftPackageReference;
			repositoryURL = "https://github.com/pointfreeco/swift-snapshot-testing";
			requirement = {
				kind = upToNextMajorVersion;
				minimumVersion = 1.17.6;
			};
		};
/* End XCRemoteSwiftPackageReference section */

/* Begin XCSwiftPackageProductDependency section */
		126C2D9C2D2D17E300EE9BF6 /* InlineSnapshotTesting */ = {
			isa = XCSwiftPackageProductDependency;
			package = 126C2D9B2D2D17E300EE9BF6 /* XCRemoteSwiftPackageReference "swift-snapshot-testing" */;
			productName = InlineSnapshotTesting;
		};
		126C2D9E2D2D17E300EE9BF6 /* SnapshotTesting */ = {
			isa = XCSwiftPackageProductDependency;
			package = 126C2D9B2D2D17E300EE9BF6 /* XCRemoteSwiftPackageReference "swift-snapshot-testing" */;
			productName = SnapshotTesting;
		};
/* End XCSwiftPackageProductDependency section */
	};
	rootObject = 129E67062CD0E421002D5F10 /* Project object */;
}
